
Microsoft Visual Studio Solution File, Format Version 12.00
# Visual Studio 15
VisualStudioVersion = 15.0.27130.2027
MinimumVisualStudioVersion = 10.0.40219.1
Project("{8BC9CEB8-8B4A-11D0-8D11-00A0C91BC942}") = "GameEngine", "GameEngine\GameEngine.vcxproj", "{4F92254B-409D-45E3-BD2C-282E351140CD}"
EndProject
Global
	GlobalSection(SolutionConfigurationPlatforms) = preSolution
		Debug|x64 = Debug|x64
		Debug|x86 = Debug|x86
		Release|x64 = Release|x64
		Release|x86 = Release|x86
	EndGlobalSection
	GlobalSection(ProjectConfigurationPlatforms) = postSolution
		{4F92254B-409D-45E3-BD2C-282E351140CD}.Debug|x64.ActiveCfg = Debug|x64
		{4F92254B-409D-45E3-BD2C-282E351140CD}.Debug|x64.Build.0 = Debug|x64
		{4F92254B-409D-45E3-BD2C-282E351140CD}.Debug|x86.ActiveCfg = Debug|Win32
		{4F92254B-409D-45E3-BD2C-282E351140CD}.Debug|x86.Build.0 = Debug|Win32
		{4F92254B-409D-45E3-BD2C-282E351140CD}.Release|x64.ActiveCfg = Release|x64
		{4F92254B-409D-45E3-BD2C-282E351140CD}.Release|x64.Build.0 = Release|x64
		{4F92254B-409D-45E3-BD2C-282E351140CD}.Release|x86.ActiveCfg = Release|Win32
		{4F92254B-409D-45E3-BD2C-282E351140CD}.Release|x86.Build.0 = Release|Win32
	EndGlobalSection
	GlobalSection(SolutionProperties) = preSolution
		HideSolutionNode = FALSE
	EndGlobalSection
	GlobalSection(ExtensibilityGlobals) = postSolution
		SolutionGuid = {5880F798-C37D-4C30-AE8A-9B10D5C5F283}
	EndGlobalSection
EndGlobal
